// !$*UTF8*$!
{
	archiveVersion = 1;
	classes = {
	};
	objectVersion = 50;
	objects = {

/* Begin PBXBuildFile section */
		328CDCA8252B1BFF00847FF5 /* AlamofireExecutor.h in Headers */ = {isa = PBXBuildFile; fileRef = 328CDCA6252B1BFF00847FF5 /* AlamofireExecutor.h */; settings = {ATTRIBUTES = (Public, ); }; };
		328CDCB4252B3ABB00847FF5 /* ServiceType+AlamofireExecutor.swift in Sources */ = {isa = PBXBuildFile; fileRef = 328CDCB2252B3ABB00847FF5 /* ServiceType+AlamofireExecutor.swift */; };
		328CDCB5252B3ABB00847FF5 /* AlamofireExecutor.swift in Sources */ = {isa = PBXBuildFile; fileRef = 328CDCB3252B3ABB00847FF5 /* AlamofireExecutor.swift */; };
		328CDCB9252B3B2D00847FF5 /* Alamofire.framework in Frameworks */ = {isa = PBXBuildFile; fileRef = 328CDCB8252B3B2D00847FF5 /* Alamofire.framework */; };
		328CDCBA252B3B2D00847FF5 /* Alamofire.framework in Embed Frameworks */ = {isa = PBXBuildFile; fileRef = 328CDCB8252B3B2D00847FF5 /* Alamofire.framework */; settings = {ATTRIBUTES = (CodeSignOnCopy, RemoveHeadersOnCopy, ); }; };
		328CDCBD252B3B4500847FF5 /* LSAPI.framework in Frameworks */ = {isa = PBXBuildFile; fileRef = 328CDCBC252B3B4500847FF5 /* LSAPI.framework */; };
		328CDCBE252B3B4500847FF5 /* LSAPI.framework in Embed Frameworks */ = {isa = PBXBuildFile; fileRef = 328CDCBC252B3B4500847FF5 /* LSAPI.framework */; settings = {ATTRIBUTES = (CodeSignOnCopy, RemoveHeadersOnCopy, ); }; };
/* End PBXBuildFile section */

/* Begin PBXCopyFilesBuildPhase section */
		328CDCBB252B3B2D00847FF5 /* Embed Frameworks */ = {
			isa = PBXCopyFilesBuildPhase;
			buildActionMask = 2147483647;
			dstPath = "";
			dstSubfolderSpec = 10;
			files = (
				328CDCBE252B3B4500847FF5 /* LSAPI.framework in Embed Frameworks */,
				328CDCBA252B3B2D00847FF5 /* Alamofire.framework in Embed Frameworks */,
			);
			name = "Embed Frameworks";
			runOnlyForDeploymentPostprocessing = 0;
		};
/* End PBXCopyFilesBuildPhase section */

/* Begin PBXFileReference section */
		328CDCA3252B1BFF00847FF5 /* AlamofireExecutor.framework */ = {isa = PBXFileReference; explicitFileType = wrapper.framework; includeInIndex = 0; path = AlamofireExecutor.framework; sourceTree = BUILT_PRODUCTS_DIR; };
		328CDCA6252B1BFF00847FF5 /* AlamofireExecutor.h */ = {isa = PBXFileReference; lastKnownFileType = sourcecode.c.h; path = AlamofireExecutor.h; sourceTree = "<group>"; };
		328CDCA7252B1BFF00847FF5 /* Info.plist */ = {isa = PBXFileReference; lastKnownFileType = text.plist.xml; path = Info.plist; sourceTree = "<group>"; };
		328CDCB2252B3ABB00847FF5 /* ServiceType+AlamofireExecutor.swift */ = {isa = PBXFileReference; fileEncoding = 4; lastKnownFileType = sourcecode.swift; path = "ServiceType+AlamofireExecutor.swift"; sourceTree = "<group>"; };
		328CDCB3252B3ABB00847FF5 /* AlamofireExecutor.swift */ = {isa = PBXFileReference; fileEncoding = 4; lastKnownFileType = sourcecode.swift; path = AlamofireExecutor.swift; sourceTree = "<group>"; };
		328CDCB8252B3B2D00847FF5 /* Alamofire.framework */ = {isa = PBXFileReference; lastKnownFileType = wrapper.framework; name = Alamofire.framework; path = Carthage/Build/iOS/Alamofire.framework; sourceTree = "<group>"; };
		328CDCBC252B3B4500847FF5 /* LSAPI.framework */ = {isa = PBXFileReference; lastKnownFileType = wrapper.framework; name = LSAPI.framework; path = Carthage/Build/iOS/LSAPI.framework; sourceTree = "<group>"; };
/* End PBXFileReference section */

/* Begin PBXFrameworksBuildPhase section */
		328CDCA0252B1BFF00847FF5 /* Frameworks */ = {
			isa = PBXFrameworksBuildPhase;
			buildActionMask = 2147483647;
			files = (
				328CDCBD252B3B4500847FF5 /* LSAPI.framework in Frameworks */,
				328CDCB9252B3B2D00847FF5 /* Alamofire.framework in Frameworks */,
			);
			runOnlyForDeploymentPostprocessing = 0;
		};
/* End PBXFrameworksBuildPhase section */

/* Begin PBXGroup section */
		328CDC99252B1BFF00847FF5 = {
			isa = PBXGroup;
			children = (
				328CDCA5252B1BFF00847FF5 /* AlamofireExecutor */,
				328CDCA4252B1BFF00847FF5 /* Products */,
				328CDCB7252B3B2D00847FF5 /* Frameworks */,
			);
			sourceTree = "<group>";
		};
		328CDCA4252B1BFF00847FF5 /* Products */ = {
			isa = PBXGroup;
			children = (
				328CDCA3252B1BFF00847FF5 /* AlamofireExecutor.framework */,
			);
			name = Products;
			sourceTree = "<group>";
		};
		328CDCA5252B1BFF00847FF5 /* AlamofireExecutor */ = {
			isa = PBXGroup;
			children = (
				328CDCB3252B3ABB00847FF5 /* AlamofireExecutor.swift */,
				328CDCB2252B3ABB00847FF5 /* ServiceType+AlamofireExecutor.swift */,
				328CDCA6252B1BFF00847FF5 /* AlamofireExecutor.h */,
				328CDCA7252B1BFF00847FF5 /* Info.plist */,
			);
			path = AlamofireExecutor;
			sourceTree = "<group>";
		};
		328CDCB7252B3B2D00847FF5 /* Frameworks */ = {
			isa = PBXGroup;
			children = (
				328CDCBC252B3B4500847FF5 /* LSAPI.framework */,
				328CDCB8252B3B2D00847FF5 /* Alamofire.framework */,
			);
			name = Frameworks;
			sourceTree = "<group>";
		};
/* End PBXGroup section */

/* Begin PBXHeadersBuildPhase section */
		328CDC9E252B1BFF00847FF5 /* Headers */ = {
			isa = PBXHeadersBuildPhase;
			buildActionMask = 2147483647;
			files = (
				328CDCA8252B1BFF00847FF5 /* AlamofireExecutor.h in Headers */,
			);
			runOnlyForDeploymentPostprocessing = 0;
		};
/* End PBXHeadersBuildPhase section */

/* Begin PBXNativeTarget section */
		328CDCA2252B1BFF00847FF5 /* AlamofireExecutor */ = {
			isa = PBXNativeTarget;
			buildConfigurationList = 328CDCAB252B1BFF00847FF5 /* Build configuration list for PBXNativeTarget "AlamofireExecutor" */;
			buildPhases = (
				328CDC9E252B1BFF00847FF5 /* Headers */,
				328CDC9F252B1BFF00847FF5 /* Sources */,
				328CDCA0252B1BFF00847FF5 /* Frameworks */,
				328CDCA1252B1BFF00847FF5 /* Resources */,
				328CDCBB252B3B2D00847FF5 /* Embed Frameworks */,
			);
			buildRules = (
			);
			dependencies = (
			);
			name = AlamofireExecutor;
			productName = AlamofireExecutor;
			productReference = 328CDCA3252B1BFF00847FF5 /* AlamofireExecutor.framework */;
			productType = "com.apple.product-type.framework";
		};
/* End PBXNativeTarget section */

/* Begin PBXProject section */
		328CDC9A252B1BFF00847FF5 /* Project object */ = {
			isa = PBXProject;
			attributes = {
				LastUpgradeCheck = 1200;
				TargetAttributes = {
					328CDCA2252B1BFF00847FF5 = {
						CreatedOnToolsVersion = 12.0.1;
						LastSwiftMigration = 1200;
					};
				};
			};
			buildConfigurationList = 328CDC9D252B1BFF00847FF5 /* Build configuration list for PBXProject "AlamofireExecutor" */;
			compatibilityVersion = "Xcode 9.3";
			developmentRegion = en;
			hasScannedForEncodings = 0;
			knownRegions = (
				en,
				Base,
			);
			mainGroup = 328CDC99252B1BFF00847FF5;
			productRefGroup = 328CDCA4252B1BFF00847FF5 /* Products */;
			projectDirPath = "";
			projectRoot = "";
			targets = (
				328CDCA2252B1BFF00847FF5 /* AlamofireExecutor */,
			);
		};
/* End PBXProject section */

/* Begin PBXResourcesBuildPhase section */
		328CDCA1252B1BFF00847FF5 /* Resources */ = {
			isa = PBXResourcesBuildPhase;
			buildActionMask = 2147483647;
			files = (
			);
			runOnlyForDeploymentPostprocessing = 0;
		};
/* End PBXResourcesBuildPhase section */

/* Begin PBXSourcesBuildPhase section */
		328CDC9F252B1BFF00847FF5 /* Sources */ = {
			isa = PBXSourcesBuildPhase;
			buildActionMask = 2147483647;
			files = (
				328CDCB4252B3ABB00847FF5 /* ServiceType+AlamofireExecutor.swift in Sources */,
				328CDCB5252B3ABB00847FF5 /* AlamofireExecutor.swift in Sources */,
			);
			runOnlyForDeploymentPostprocessing = 0;
		};
/* End PBXSourcesBuildPhase section */

/* Begin XCBuildConfiguration section */
		328CDCA9252B1BFF00847FF5 /* Debug */ = {
			isa = XCBuildConfiguration;
			buildSettings = {
				ALWAYS_SEARCH_USER_PATHS = NO;
				CLANG_ANALYZER_NONNULL = YES;
				CLANG_ANALYZER_NUMBER_OBJECT_CONVERSION = YES_AGGRESSIVE;
				CLANG_CXX_LANGUAGE_STANDARD = "gnu++14";
				CLANG_CXX_LIBRARY = "libc++";
				CLANG_ENABLE_MODULES = YES;
				CLANG_ENABLE_OBJC_ARC = YES;
				CLANG_ENABLE_OBJC_WEAK = YES;
				CLANG_WARN_BLOCK_CAPTURE_AUTORELEASING = YES;
				CLANG_WARN_BOOL_CONVERSION = YES;
				CLANG_WARN_COMMA = YES;
				CLANG_WARN_CONSTANT_CONVERSION = YES;
				CLANG_WARN_DEPRECATED_OBJC_IMPLEMENTATIONS = YES;
				CLANG_WARN_DIRECT_OBJC_ISA_USAGE = YES_ERROR;
				CLANG_WARN_DOCUMENTATION_COMMENTS = YES;
				CLANG_WARN_EMPTY_BODY = YES;
				CLANG_WARN_ENUM_CONVERSION = YES;
				CLANG_WARN_INFINITE_RECURSION = YES;
				CLANG_WARN_INT_CONVERSION = YES;
				CLANG_WARN_NON_LITERAL_NULL_CONVERSION = YES;
				CLANG_WARN_OBJC_IMPLICIT_RETAIN_SELF = YES;
				CLANG_WARN_OBJC_LITERAL_CONVERSION = YES;
				CLANG_WARN_OBJC_ROOT_CLASS = YES_ERROR;
				CLANG_WARN_QUOTED_INCLUDE_IN_FRAMEWORK_HEADER = YES;
				CLANG_WARN_RANGE_LOOP_ANALYSIS = YES;
				CLANG_WARN_STRICT_PROTOTYPES = YES;
				CLANG_WARN_SUSPICIOUS_MOVE = YES;
				CLANG_WARN_UNGUARDED_AVAILABILITY = YES_AGGRESSIVE;
				CLANG_WARN_UNREACHABLE_CODE = YES;
				CLANG_WARN__DUPLICATE_METHOD_MATCH = YES;
				COPY_PHASE_STRIP = NO;
				CURRENT_PROJECT_VERSION = 1;
				DEBUG_INFORMATION_FORMAT = dwarf;
				ENABLE_STRICT_OBJC_MSGSEND = YES;
				ENABLE_TESTABILITY = YES;
				GCC_C_LANGUAGE_STANDARD = gnu11;
				GCC_DYNAMIC_NO_PIC = NO;
				GCC_NO_COMMON_BLOCKS = YES;
				GCC_OPTIMIZATION_LEVEL = 0;
				GCC_PREPROCESSOR_DEFINITIONS = (
					"DEBUG=1",
					"$(inherited)",
				);
				GCC_WARN_64_TO_32_BIT_CONVERSION = YES;
				GCC_WARN_ABOUT_RETURN_TYPE = YES_ERROR;
				GCC_WARN_UNDECLARED_SELECTOR = YES;
				GCC_WARN_UNINITIALIZED_AUTOS = YES_AGGRESSIVE;
				GCC_WARN_UNUSED_FUNCTION = YES;
				GCC_WARN_UNUSED_VARIABLE = YES;
				IPHONEOS_DEPLOYMENT_TARGET = 14.0;
				MTL_ENABLE_DEBUG_INFO = INCLUDE_SOURCE;
				MTL_FAST_MATH = YES;
				ONLY_ACTIVE_ARCH = YES;
				SDKROOT = iphoneos;
				SWIFT_ACTIVE_COMPILATION_CONDITIONS = DEBUG;
				SWIFT_OPTIMIZATION_LEVEL = "-Onone";
				VERSIONING_SYSTEM = "apple-generic";
				VERSION_INFO_PREFIX = "";
			};
			name = Debug;
		};
		328CDCAA252B1BFF00847FF5 /* Release */ = {
			isa = XCBuildConfiguration;
			buildSettings = {
				ALWAYS_SEARCH_USER_PATHS = NO;
				CLANG_ANALYZER_NONNULL = YES;
				CLANG_ANALYZER_NUMBER_OBJECT_CONVERSION = YES_AGGRESSIVE;
				CLANG_CXX_LANGUAGE_STANDARD = "gnu++14";
				CLANG_CXX_LIBRARY = "libc++";
				CLANG_ENABLE_MODULES = YES;
				CLANG_ENABLE_OBJC_ARC = YES;
				CLANG_ENABLE_OBJC_WEAK = YES;
				CLANG_WARN_BLOCK_CAPTURE_AUTORELEASING = YES;
				CLANG_WARN_BOOL_CONVERSION = YES;
				CLANG_WARN_COMMA = YES;
				CLANG_WARN_CONSTANT_CONVERSION = YES;
				CLANG_WARN_DEPRECATED_OBJC_IMPLEMENTATIONS = YES;
				CLANG_WARN_DIRECT_OBJC_ISA_USAGE = YES_ERROR;
				CLANG_WARN_DOCUMENTATION_COMMENTS = YES;
				CLANG_WARN_EMPTY_BODY = YES;
				CLANG_WARN_ENUM_CONVERSION = YES;
				CLANG_WARN_INFINITE_RECURSION = YES;
				CLANG_WARN_INT_CONVERSION = YES;
				CLANG_WARN_NON_LITERAL_NULL_CONVERSION = YES;
				CLANG_WARN_OBJC_IMPLICIT_RETAIN_SELF = YES;
				CLANG_WARN_OBJC_LITERAL_CONVERSION = YES;
				CLANG_WARN_OBJC_ROOT_CLASS = YES_ERROR;
				CLANG_WARN_QUOTED_INCLUDE_IN_FRAMEWORK_HEADER = YES;
				CLANG_WARN_RANGE_LOOP_ANALYSIS = YES;
				CLANG_WARN_STRICT_PROTOTYPES = YES;
				CLANG_WARN_SUSPICIOUS_MOVE = YES;
				CLANG_WARN_UNGUARDED_AVAILABILITY = YES_AGGRESSIVE;
				CLANG_WARN_UNREACHABLE_CODE = YES;
				CLANG_WARN__DUPLICATE_METHOD_MATCH = YES;
				COPY_PHASE_STRIP = NO;
				CURRENT_PROJECT_VERSION = 1;
				DEBUG_INFORMATION_FORMAT = "dwarf-with-dsym";
				ENABLE_NS_ASSERTIONS = NO;
				ENABLE_STRICT_OBJC_MSGSEND = YES;
				GCC_C_LANGUAGE_STANDARD = gnu11;
				GCC_NO_COMMON_BLOCKS = YES;
				GCC_WARN_64_TO_32_BIT_CONVERSION = YES;
				GCC_WARN_ABOUT_RETURN_TYPE = YES_ERROR;
				GCC_WARN_UNDECLARED_SELECTOR = YES;
				GCC_WARN_UNINITIALIZED_AUTOS = YES_AGGRESSIVE;
				GCC_WARN_UNUSED_FUNCTION = YES;
				GCC_WARN_UNUSED_VARIABLE = YES;
				IPHONEOS_DEPLOYMENT_TARGET = 14.0;
				MTL_ENABLE_DEBUG_INFO = NO;
				MTL_FAST_MATH = YES;
				SDKROOT = iphoneos;
				SWIFT_COMPILATION_MODE = wholemodule;
				SWIFT_OPTIMIZATION_LEVEL = "-O";
				VALIDATE_PRODUCT = YES;
				VERSIONING_SYSTEM = "apple-generic";
				VERSION_INFO_PREFIX = "";
			};
			name = Release;
		};
		328CDCAC252B1BFF00847FF5 /* Debug */ = {
			isa = XCBuildConfiguration;
			buildSettings = {
				CLANG_ENABLE_MODULES = YES;
				CODE_SIGN_STYLE = Automatic;
				DEFINES_MODULE = YES;
				DYLIB_COMPATIBILITY_VERSION = 1;
				DYLIB_CURRENT_VERSION = 1;
				DYLIB_INSTALL_NAME_BASE = "@rpath";
				FRAMEWORK_SEARCH_PATHS = (
					"$(inherited)",
					"$(PROJECT_DIR)/Carthage/Build/iOS",
				);
				INFOPLIST_FILE = AlamofireExecutor/Info.plist;
				INSTALL_PATH = "$(LOCAL_LIBRARY_DIR)/Frameworks";
				IPHONEOS_DEPLOYMENT_TARGET = 11.0;
				LD_RUNPATH_SEARCH_PATHS = (
					"$(inherited)",
					"@executable_path/Frameworks",
					"@loader_path/Frameworks",
				);
				PRODUCT_BUNDLE_IDENTIFIER = com.sai.api.AlamofireExecutor;
				PRODUCT_NAME = "$(TARGET_NAME:c99extidentifier)";
				SKIP_INSTALL = YES;
				SWIFT_OPTIMIZATION_LEVEL = "-Onone";
				SWIFT_VERSION = 5.0;
				TARGETED_DEVICE_FAMILY = "1,2";
			};
			name = Debug;
		};
		328CDCAD252B1BFF00847FF5 /* Release */ = {
			isa = XCBuildConfiguration;
			buildSettings = {
				CLANG_ENABLE_MODULES = YES;
				CODE_SIGN_STYLE = Automatic;
				DEFINES_MODULE = YES;
				DYLIB_COMPATIBILITY_VERSION = 1;
				DYLIB_CURRENT_VERSION = 1;
				DYLIB_INSTALL_NAME_BASE = "@rpath";
				FRAMEWORK_SEARCH_PATHS = (
					"$(inherited)",
					"$(PROJECT_DIR)/Carthage/Build/iOS",
				);
				INFOPLIST_FILE = AlamofireExecutor/Info.plist;
				INSTALL_PATH = "$(LOCAL_LIBRARY_DIR)/Frameworks";
				IPHONEOS_DEPLOYMENT_TARGET = 11.0;
				LD_RUNPATH_SEARCH_PATHS = (
					"$(inherited)",
					"@executable_path/Frameworks",
					"@loader_path/Frameworks",
				);
				PRODUCT_BUNDLE_IDENTIFIER = com.sai.api.AlamofireExecutor;
				PRODUCT_NAME = "$(TARGET_NAME:c99extidentifier)";
				SKIP_INSTALL = YES;
				SWIFT_VERSION = 5.0;
				TARGETED_DEVICE_FAMILY = "1,2";
			};
			name = Release;
		};
/* End XCBuildConfiguration section */

/* Begin XCConfigurationList section */
		328CDC9D252B1BFF00847FF5 /* Build configuration list for PBXProject "AlamofireExecutor" */ = {
			isa = XCConfigurationList;
			buildConfigurations = (
				328CDCA9252B1BFF00847FF5 /* Debug */,
				328CDCAA252B1BFF00847FF5 /* Release */,
			);
			defaultConfigurationIsVisible = 0;
			defaultConfigurationName = Release;
		};
		328CDCAB252B1BFF00847FF5 /* Build configuration list for PBXNativeTarget "AlamofireExecutor" */ = {
			isa = XCConfigurationList;
			buildConfigurations = (
				328CDCAC252B1BFF00847FF5 /* Debug */,
				328CDCAD252B1BFF00847FF5 /* Release */,
			);
			defaultConfigurationIsVisible = 0;
			defaultConfigurationName = Release;
		};
/* End XCConfigurationList section */
	};
	rootObject = 328CDC9A252B1BFF00847FF5 /* Project object */;
}
